
Microsoft Visual Studio Solution File, Format Version 12.00
# Visual Studio 15
VisualStudioVersion = 15.0.28307.1267
MinimumVisualStudioVersion = 10.0.40219.1
Project("{FAE04EC0-301F-11D3-BF4B-00C04F79EFBC}") = "Subnetwork", "Subnetwork\Subnetwork.csproj", "{5C724BD3-B7B4-41EF-8AE3-512C9FFCDDE0}"
EndProject
Global
	GlobalSection(SolutionConfigurationPlatforms) = preSolution
		Debug|Any CPU = Debug|Any CPU
		Release|Any CPU = Release|Any CPU
	EndGlobalSection
	GlobalSection(ProjectConfigurationPlatforms) = postSolution
		{5C724BD3-B7B4-41EF-8AE3-512C9FFCDDE0}.Debug|Any CPU.ActiveCfg = Debug|Any CPU
		{5C724BD3-B7B4-41EF-8AE3-512C9FFCDDE0}.Debug|Any CPU.Build.0 = Debug|Any CPU
		{5C724BD3-B7B4-41EF-8AE3-512C9FFCDDE0}.Release|Any CPU.ActiveCfg = Release|Any CPU
		{5C724BD3-B7B4-41EF-8AE3-512C9FFCDDE0}.Release|Any CPU.Build.0 = Release|Any CPU
	EndGlobalSection
	GlobalSection(SolutionProperties) = preSolution
		HideSolutionNode = FALSE
	EndGlobalSection
	GlobalSection(ExtensibilityGlobals) = postSolution
		SolutionGuid = {0FEA6FAA-87A6-4442-902F-F52E0F242260}
	EndGlobalSection
EndGlobal
