
Microsoft Visual Studio Solution File, Format Version 12.00
# Visual Studio 15
VisualStudioVersion = 15.0.28307.1267
MinimumVisualStudioVersion = 10.0.40219.1
Project("{FAE04EC0-301F-11D3-BF4B-00C04F79EFBC}") = "ControlPlaneServer", "NCCServer\ControlPlaneServer.csproj", "{AA6F9F5C-7B44-4BD1-A2B8-9E4AC6A91C05}"
EndProject
Global
	GlobalSection(SolutionConfigurationPlatforms) = preSolution
		Debug|Any CPU = Debug|Any CPU
		Release|Any CPU = Release|Any CPU
	EndGlobalSection
	GlobalSection(ProjectConfigurationPlatforms) = postSolution
		{AA6F9F5C-7B44-4BD1-A2B8-9E4AC6A91C05}.Debug|Any CPU.ActiveCfg = Debug|Any CPU
		{AA6F9F5C-7B44-4BD1-A2B8-9E4AC6A91C05}.Debug|Any CPU.Build.0 = Debug|Any CPU
		{AA6F9F5C-7B44-4BD1-A2B8-9E4AC6A91C05}.Release|Any CPU.ActiveCfg = Release|Any CPU
		{AA6F9F5C-7B44-4BD1-A2B8-9E4AC6A91C05}.Release|Any CPU.Build.0 = Release|Any CPU
	EndGlobalSection
	GlobalSection(SolutionProperties) = preSolution
		HideSolutionNode = FALSE
	EndGlobalSection
	GlobalSection(ExtensibilityGlobals) = postSolution
		SolutionGuid = {767A9B78-4D9E-4937-8F59-0AD9D6122425}
	EndGlobalSection
EndGlobal
